{
  "nodes": {
    "jaylib-src": {
      "flake": false,
      "locked": {
        "lastModified": 1768773215,
        "narHash": "sha256-6BseUHbZ8Cs9ZP8FpUUn9qLYxELngFKvLR/arR/X5FE=",
        "owner": "janet-lang",
        "repo": "jaylib",
        "rev": "9b899e1fa409c1ae4291bff89deb303b44d2b1ec",
        "type": "github"
      },
      "original": {
        "owner": "janet-lang",
        "repo": "jaylib",
        "type": "github"
      }
    },
    "nixpkgs": {
      "locked": {
        "lastModified": 1769018530,
        "narHash": "sha256-MJ27Cy2NtBEV5tsK+YraYr2g851f3Fl1LpNHDzDX15c=",
        "owner": "NixOS",
        "repo": "nixpkgs",
        "rev": "88d3861acdd3d2f0e361767018218e51810df8a1",
        "type": "github"
      },
      "original": {
        "owner": "NixOS",
        "ref": "nixos-unstable",
        "repo": "nixpkgs",
        "type": "github"
      }
    },
    "root": {
      "inputs": {
        "jaylib-src": "jaylib-src",
        "nixpkgs": "nixpkgs"
      }
    }
  },
  "root": "root",
  "version": 7
}
